
Microsoft Visual Studio Solution File, Format Version 12.00
# Visual Studio Version 17
VisualStudioVersion = 17.6.33712.159
MinimumVisualStudioVersion = 10.0.40219.1
Project("{2150E333-8FDC-42A3-9474-1A3956D46DE8}") = "Services", "Services", "{FD630F7A-B8D5-400E-97F2-EA2D7D454D90}"
EndProject
Project("{2150E333-8FDC-42A3-9474-1A3956D46DE8}") = "Gateway", "Gateway", "{0A9776CE-A236-48FF-9082-AD9BE0FD773B}"
EndProject
Project("{2150E333-8FDC-42A3-9474-1A3956D46DE8}") = "Frontend", "Frontend", "{C441E97A-9688-4537-8DE3-C22EBEB42E11}"
EndProject
Project("{2150E333-8FDC-42A3-9474-1A3956D46DE8}") = "Payment", "Payment", "{59AB3710-7542-419B-A93E-329DEB31D322}"
EndProject
Project("{2150E333-8FDC-42A3-9474-1A3956D46DE8}") = "Integration", "Integration", "{05392047-4F69-4847-8392-FF2541A2E31B}"
EndProject
Project("{9A19103F-16F7-4668-BE54-9A1E7A4F7556}") = "RAS.Services.ProductAPI", "RAS.Services.ProductAPI\RAS.Services.ProductAPI.csproj", "{3AFA8E8A-BAF4-44C3-A72E-91FC04DAEC70}"
EndProject
Project("{9A19103F-16F7-4668-BE54-9A1E7A4F7556}") = "RAS.Services.BagAPI", "RAS.Services.BagAPI\RAS.Services.BagAPI.csproj", "{E67A1015-13F9-4F38-B057-F4C170EF8E52}"
EndProject
Project("{9A19103F-16F7-4668-BE54-9A1E7A4F7556}") = "RAS.Services.OrderAPI", "RAS.Services.OrderAPI\RAS.Services.OrderAPI.csproj", "{66EAD0CC-A309-4F4E-89F9-C6E5F8D5FF22}"
EndProject
Project("{9A19103F-16F7-4668-BE54-9A1E7A4F7556}") = "RAS.Services.PaymentAPI", "RAS.Services.PaymentAPI\RAS.Services.PaymentAPI.csproj", "{CFB6F086-BCFA-4878-9126-D6AC5DA16D1E}"
EndProject
Project("{9A19103F-16F7-4668-BE54-9A1E7A4F7556}") = "PaymentProcessor", "PaymentProcessor\PaymentProcessor.csproj", "{69A7ED30-D327-442D-ABE5-27536FB6758E}"
EndProject
Project("{9A19103F-16F7-4668-BE54-9A1E7A4F7556}") = "RAS.GatewaySolution", "RAS.GatewaySolution\RAS.GatewaySolution.csproj", "{08C55BB6-E668-415A-B130-B2BF4D6E9C21}"
EndProject
Project("{9A19103F-16F7-4668-BE54-9A1E7A4F7556}") = "RAS.Web", "RAS.Web\RAS.Web.csproj", "{4A212DE5-E87F-43A6-91C2-BE5C42860814}"
EndProject
Project("{9A19103F-16F7-4668-BE54-9A1E7A4F7556}") = "RAS.Services.Identity", "RAS.Services.Identity\RAS.Services.Identity.csproj", "{FD5A71E2-CABD-4350-B619-46CE1681CB8D}"
EndProject
Project("{FAE04EC0-301F-11D3-BF4B-00C04F79EFBC}") = "RAS.MessageBus", "RAS.MessageBus\RAS.MessageBus.csproj", "{2F5B1101-E063-4B39-AD6E-D634A7AD76B7}"
EndProject
Global
	GlobalSection(SolutionConfigurationPlatforms) = preSolution
		Debug|Any CPU = Debug|Any CPU
		Release|Any CPU = Release|Any CPU
	EndGlobalSection
	GlobalSection(ProjectConfigurationPlatforms) = postSolution
		{3AFA8E8A-BAF4-44C3-A72E-91FC04DAEC70}.Debug|Any CPU.ActiveCfg = Debug|Any CPU
		{3AFA8E8A-BAF4-44C3-A72E-91FC04DAEC70}.Debug|Any CPU.Build.0 = Debug|Any CPU
		{3AFA8E8A-BAF4-44C3-A72E-91FC04DAEC70}.Release|Any CPU.ActiveCfg = Release|Any CPU
		{3AFA8E8A-BAF4-44C3-A72E-91FC04DAEC70}.Release|Any CPU.Build.0 = Release|Any CPU
		{E67A1015-13F9-4F38-B057-F4C170EF8E52}.Debug|Any CPU.ActiveCfg = Debug|Any CPU
		{E67A1015-13F9-4F38-B057-F4C170EF8E52}.Debug|Any CPU.Build.0 = Debug|Any CPU
		{E67A1015-13F9-4F38-B057-F4C170EF8E52}.Release|Any CPU.ActiveCfg = Release|Any CPU
		{E67A1015-13F9-4F38-B057-F4C170EF8E52}.Release|Any CPU.Build.0 = Release|Any CPU
		{66EAD0CC-A309-4F4E-89F9-C6E5F8D5FF22}.Debug|Any CPU.ActiveCfg = Debug|Any CPU
		{66EAD0CC-A309-4F4E-89F9-C6E5F8D5FF22}.Debug|Any CPU.Build.0 = Debug|Any CPU
		{66EAD0CC-A309-4F4E-89F9-C6E5F8D5FF22}.Release|Any CPU.ActiveCfg = Release|Any CPU
		{66EAD0CC-A309-4F4E-89F9-C6E5F8D5FF22}.Release|Any CPU.Build.0 = Release|Any CPU
		{CFB6F086-BCFA-4878-9126-D6AC5DA16D1E}.Debug|Any CPU.ActiveCfg = Debug|Any CPU
		{CFB6F086-BCFA-4878-9126-D6AC5DA16D1E}.Debug|Any CPU.Build.0 = Debug|Any CPU
		{CFB6F086-BCFA-4878-9126-D6AC5DA16D1E}.Release|Any CPU.ActiveCfg = Release|Any CPU
		{CFB6F086-BCFA-4878-9126-D6AC5DA16D1E}.Release|Any CPU.Build.0 = Release|Any CPU
		{69A7ED30-D327-442D-ABE5-27536FB6758E}.Debug|Any CPU.ActiveCfg = Debug|Any CPU
		{69A7ED30-D327-442D-ABE5-27536FB6758E}.Debug|Any CPU.Build.0 = Debug|Any CPU
		{69A7ED30-D327-442D-ABE5-27536FB6758E}.Release|Any CPU.ActiveCfg = Release|Any CPU
		{69A7ED30-D327-442D-ABE5-27536FB6758E}.Release|Any CPU.Build.0 = Release|Any CPU
		{08C55BB6-E668-415A-B130-B2BF4D6E9C21}.Debug|Any CPU.ActiveCfg = Debug|Any CPU
		{08C55BB6-E668-415A-B130-B2BF4D6E9C21}.Debug|Any CPU.Build.0 = Debug|Any CPU
		{08C55BB6-E668-415A-B130-B2BF4D6E9C21}.Release|Any CPU.ActiveCfg = Release|Any CPU
		{08C55BB6-E668-415A-B130-B2BF4D6E9C21}.Release|Any CPU.Build.0 = Release|Any CPU
		{4A212DE5-E87F-43A6-91C2-BE5C42860814}.Debug|Any CPU.ActiveCfg = Debug|Any CPU
		{4A212DE5-E87F-43A6-91C2-BE5C42860814}.Debug|Any CPU.Build.0 = Debug|Any CPU
		{4A212DE5-E87F-43A6-91C2-BE5C42860814}.Release|Any CPU.ActiveCfg = Release|Any CPU
		{4A212DE5-E87F-43A6-91C2-BE5C42860814}.Release|Any CPU.Build.0 = Release|Any CPU
		{FD5A71E2-CABD-4350-B619-46CE1681CB8D}.Debug|Any CPU.ActiveCfg = Debug|Any CPU
		{FD5A71E2-CABD-4350-B619-46CE1681CB8D}.Debug|Any CPU.Build.0 = Debug|Any CPU
		{FD5A71E2-CABD-4350-B619-46CE1681CB8D}.Release|Any CPU.ActiveCfg = Release|Any CPU
		{FD5A71E2-CABD-4350-B619-46CE1681CB8D}.Release|Any CPU.Build.0 = Release|Any CPU
		{2F5B1101-E063-4B39-AD6E-D634A7AD76B7}.Debug|Any CPU.ActiveCfg = Debug|Any CPU
		{2F5B1101-E063-4B39-AD6E-D634A7AD76B7}.Debug|Any CPU.Build.0 = Debug|Any CPU
		{2F5B1101-E063-4B39-AD6E-D634A7AD76B7}.Release|Any CPU.ActiveCfg = Release|Any CPU
		{2F5B1101-E063-4B39-AD6E-D634A7AD76B7}.Release|Any CPU.Build.0 = Release|Any CPU
	EndGlobalSection
	GlobalSection(SolutionProperties) = preSolution
		HideSolutionNode = FALSE
	EndGlobalSection
	GlobalSection(NestedProjects) = preSolution
		{3AFA8E8A-BAF4-44C3-A72E-91FC04DAEC70} = {FD630F7A-B8D5-400E-97F2-EA2D7D454D90}
		{E67A1015-13F9-4F38-B057-F4C170EF8E52} = {FD630F7A-B8D5-400E-97F2-EA2D7D454D90}
		{66EAD0CC-A309-4F4E-89F9-C6E5F8D5FF22} = {FD630F7A-B8D5-400E-97F2-EA2D7D454D90}
		{CFB6F086-BCFA-4878-9126-D6AC5DA16D1E} = {FD630F7A-B8D5-400E-97F2-EA2D7D454D90}
		{69A7ED30-D327-442D-ABE5-27536FB6758E} = {59AB3710-7542-419B-A93E-329DEB31D322}
		{08C55BB6-E668-415A-B130-B2BF4D6E9C21} = {0A9776CE-A236-48FF-9082-AD9BE0FD773B}
		{4A212DE5-E87F-43A6-91C2-BE5C42860814} = {C441E97A-9688-4537-8DE3-C22EBEB42E11}
		{FD5A71E2-CABD-4350-B619-46CE1681CB8D} = {FD630F7A-B8D5-400E-97F2-EA2D7D454D90}
		{2F5B1101-E063-4B39-AD6E-D634A7AD76B7} = {05392047-4F69-4847-8392-FF2541A2E31B}
	EndGlobalSection
	GlobalSection(ExtensibilityGlobals) = postSolution
		SolutionGuid = {7695A496-AE64-4060-B7D4-56DF3ACC67C1}
	EndGlobalSection
EndGlobal
